Microsoft Visual Studio Solution File, Format Version 12.00
# Visual Studio 14
VisualStudioVersion = 14.0.25420.1
MinimumVisualStudioVersion = 10.0.40219.1
Project("{8BB2217D-0F2D-49D1-97BC-3654ED321F3B}") = "DocsByReflection", "DocsByReflection\DocsByReflection.xproj", "{FE4EC530-68EE-4FE9-9213-0DDDEED3C727}"
EndProject
Project("{8BB2217D-0F2D-49D1-97BC-3654ED321F3B}") = "DocsByReflection.UnitTests", "DocsByReflection.UnitTests\DocsByReflection.UnitTests.xproj", "{80D910A9-75A5-44E3-8DCF-81C651FBF26D}"
EndProject
Project("{8BB2217D-0F2D-49D1-97BC-3654ED321F3B}") = "DocsByReflection.UnitTests.Stubs", "DocsByReflection.UnitTests.Stubs\DocsByReflection.UnitTests.Stubs.xproj", "{627D80E9-5D2C-410F-81A5-76086C438C55}"
EndProject
Global
	GlobalSection(SolutionConfigurationPlatforms) = preSolution
		CI|Any CPU = CI|Any CPU
		Debug|Any CPU = Debug|Any CPU
		Release|Any CPU = Release|Any CPU
	EndGlobalSection
	GlobalSection(ProjectConfigurationPlatforms) = postSolution
		{FE4EC530-68EE-4FE9-9213-0DDDEED3C727}.CI|Any CPU.ActiveCfg = Debug|Any CPU
		{FE4EC530-68EE-4FE9-9213-0DDDEED3C727}.CI|Any CPU.Build.0 = Debug|Any CPU
		{FE4EC530-68EE-4FE9-9213-0DDDEED3C727}.Debug|Any CPU.ActiveCfg = Debug|Any CPU
		{FE4EC530-68EE-4FE9-9213-0DDDEED3C727}.Debug|Any CPU.Build.0 = Debug|Any CPU
		{FE4EC530-68EE-4FE9-9213-0DDDEED3C727}.Release|Any CPU.ActiveCfg = Release|Any CPU
		{FE4EC530-68EE-4FE9-9213-0DDDEED3C727}.Release|Any CPU.Build.0 = Release|Any CPU
		{80D910A9-75A5-44E3-8DCF-81C651FBF26D}.CI|Any CPU.ActiveCfg = Debug|Any CPU
		{80D910A9-75A5-44E3-8DCF-81C651FBF26D}.CI|Any CPU.Build.0 = Debug|Any CPU
		{80D910A9-75A5-44E3-8DCF-81C651FBF26D}.Debug|Any CPU.ActiveCfg = Debug|Any CPU
		{80D910A9-75A5-44E3-8DCF-81C651FBF26D}.Debug|Any CPU.Build.0 = Debug|Any CPU
		{80D910A9-75A5-44E3-8DCF-81C651FBF26D}.Release|Any CPU.ActiveCfg = Release|Any CPU
		{80D910A9-75A5-44E3-8DCF-81C651FBF26D}.Release|Any CPU.Build.0 = Release|Any CPU
		{627D80E9-5D2C-410F-81A5-76086C438C55}.CI|Any CPU.ActiveCfg = Debug|Any CPU
		{627D80E9-5D2C-410F-81A5-76086C438C55}.CI|Any CPU.Build.0 = Debug|Any CPU
		{627D80E9-5D2C-410F-81A5-76086C438C55}.Debug|Any CPU.ActiveCfg = Debug|Any CPU
		{627D80E9-5D2C-410F-81A5-76086C438C55}.Debug|Any CPU.Build.0 = Debug|Any CPU
		{627D80E9-5D2C-410F-81A5-76086C438C55}.Release|Any CPU.ActiveCfg = Release|Any CPU
		{627D80E9-5D2C-410F-81A5-76086C438C55}.Release|Any CPU.Build.0 = Release|Any CPU
	EndGlobalSection
	GlobalSection(SolutionProperties) = preSolution
		HideSolutionNode = FALSE
	EndGlobalSection
	GlobalSection(TestCaseManagementSettings) = postSolution
		CategoryFile = DocsByReflection.vsmdi
	EndGlobalSection
	GlobalSection(MonoDevelopProperties) = preSolution
		StartupItem = DocsByReflection\DocsByReflection.xproj
	EndGlobalSection
EndGlobal
